
Microsoft Visual Studio Solution File, Format Version 12.00
# Visual Studio Version 17
VisualStudioVersion = 17.2.32526.322
MinimumVisualStudioVersion = 10.0.40219.1
Project("{FAE04EC0-301F-11D3-BF4B-00C04F79EFBC}") = "Evalutor", "Evalutor\Evalutor.csproj", "{90FAE4D9-AD63-467B-87D8-CCCE3C5A63A6}"
EndProject
Project("{FAE04EC0-301F-11D3-BF4B-00C04F79EFBC}") = "Evaluator.Tests", "Evaluator.Tests\Evaluator.Tests.csproj", "{624A4D47-451E-40ED-9F36-5764599517B9}"
EndProject
Global
	GlobalSection(SolutionConfigurationPlatforms) = preSolution
		Debug|Any CPU = Debug|Any CPU
		Release|Any CPU = Release|Any CPU
	EndGlobalSection
	GlobalSection(ProjectConfigurationPlatforms) = postSolution
		{90FAE4D9-AD63-467B-87D8-CCCE3C5A63A6}.Debug|Any CPU.ActiveCfg = Debug|Any CPU
		{90FAE4D9-AD63-467B-87D8-CCCE3C5A63A6}.Debug|Any CPU.Build.0 = Debug|Any CPU
		{90FAE4D9-AD63-467B-87D8-CCCE3C5A63A6}.Release|Any CPU.ActiveCfg = Release|Any CPU
		{90FAE4D9-AD63-467B-87D8-CCCE3C5A63A6}.Release|Any CPU.Build.0 = Release|Any CPU
		{624A4D47-451E-40ED-9F36-5764599517B9}.Debug|Any CPU.ActiveCfg = Debug|Any CPU
		{624A4D47-451E-40ED-9F36-5764599517B9}.Debug|Any CPU.Build.0 = Debug|Any CPU
		{624A4D47-451E-40ED-9F36-5764599517B9}.Release|Any CPU.ActiveCfg = Release|Any CPU
		{624A4D47-451E-40ED-9F36-5764599517B9}.Release|Any CPU.Build.0 = Release|Any CPU
	EndGlobalSection
	GlobalSection(SolutionProperties) = preSolution
		HideSolutionNode = FALSE
	EndGlobalSection
	GlobalSection(ExtensibilityGlobals) = postSolution
		SolutionGuid = {12B305A1-F1FE-4E79-A8AD-BE41969A26D2}
	EndGlobalSection
EndGlobal
